{
    "_meta": {
        "hash": {
            "sha256": "e3a188c71481c3ddc4d1b94417ce8c92ee616b5a82b887c913fecb1712e9b1ca"
        },
        "pipfile-spec": 6,
        "requires": {
            "python_version": "3.10"
        },
        "sources": [
            {
                "name": "pypi",
                "url": "https://pypi.org/simple",
                "verify_ssl": true
            }
        ]
    },
    "default": {
        "asgiref": {
            "hashes": [
                "sha256:71e68008da809b957b7ee4b43dbccff33d1b23519fb8344e33f049897077afac",
                "sha256:9567dfe7bd8d3c8c892227827c41cce860b368104c3431da67a0c5a65a949506"
            ],
            "markers": "python_version >= '3.7'",
            "version": "==3.6.0"
        },
        "django": {
            "hashes": [
                "sha256:44f714b81c5f190d9d2ddad01a532fe502fa01c4cb8faf1d081f4264ed15dcd8",
                "sha256:f2f431e75adc40039ace496ad3b9f17227022e8b11566f4b363da44c7e44761e"
            ],
            "markers": "python_version >= '3.8'",
            "version": "==4.1.7"
        },
        "django-google-maps": {
            "hashes": [
                "sha256:c0dbffbae929cde07666e2c5eba752596cd6fee12d39f50afd3940cc80a535a9",
                "sha256:d8905f6c42892b8d429bfb89532b7d0eaa06ab53a850f3c3625440b0caa9099d"
            ],
            "index": "pypi",
            "version": "==0.13.0"
        },
        "sqlparse": {
            "hashes": [
                "sha256:0323c0ec29cd52bceabc1b4d9d579e311f3e4961b98d174201d5622a23b85e34",
                "sha256:69ca804846bb114d2ec380e4360a8a340db83f0ccf3afceeb1404df028f57268"
            ],
            "markers": "python_version >= '3.5'",
            "version": "==0.4.3"
        }
    },
    "develop": {}
}
